
Microsoft Visual Studio Solution File, Format Version 12.00
# Visual Studio Version 17
VisualStudioVersion = 17.13.35919.96 d17.13
MinimumVisualStudioVersion = 10.0.40219.1
Project("{54A90642-561A-4BB1-A94E-469ADEE60C69}") = "contactsapp.client", "contactsapp.client\contactsapp.client.esproj", "{F373B28B-B533-A4B2-AC30-043B3478DCCC}"
EndProject
Project("{FAE04EC0-301F-11D3-BF4B-00C04F79EFBC}") = "ContactsApp.Server", "ContactsApp.Server\ContactsApp.Server.csproj", "{5B414729-8B0A-4312-8A6E-7B4AB62B34C7}"
EndProject
Global
	GlobalSection(SolutionConfigurationPlatforms) = preSolution
		Debug|Any CPU = Debug|Any CPU
		Release|Any CPU = Release|Any CPU
	EndGlobalSection
	GlobalSection(ProjectConfigurationPlatforms) = postSolution
		{F373B28B-B533-A4B2-AC30-043B3478DCCC}.Debug|Any CPU.ActiveCfg = Debug|Any CPU
		{F373B28B-B533-A4B2-AC30-043B3478DCCC}.Debug|Any CPU.Build.0 = Debug|Any CPU
		{F373B28B-B533-A4B2-AC30-043B3478DCCC}.Debug|Any CPU.Deploy.0 = Debug|Any CPU
		{F373B28B-B533-A4B2-AC30-043B3478DCCC}.Release|Any CPU.ActiveCfg = Release|Any CPU
		{F373B28B-B533-A4B2-AC30-043B3478DCCC}.Release|Any CPU.Build.0 = Release|Any CPU
		{F373B28B-B533-A4B2-AC30-043B3478DCCC}.Release|Any CPU.Deploy.0 = Release|Any CPU
		{5B414729-8B0A-4312-8A6E-7B4AB62B34C7}.Debug|Any CPU.ActiveCfg = Debug|Any CPU
		{5B414729-8B0A-4312-8A6E-7B4AB62B34C7}.Debug|Any CPU.Build.0 = Debug|Any CPU
		{5B414729-8B0A-4312-8A6E-7B4AB62B34C7}.Release|Any CPU.ActiveCfg = Release|Any CPU
		{5B414729-8B0A-4312-8A6E-7B4AB62B34C7}.Release|Any CPU.Build.0 = Release|Any CPU
	EndGlobalSection
	GlobalSection(SolutionProperties) = preSolution
		HideSolutionNode = FALSE
	EndGlobalSection
	GlobalSection(ExtensibilityGlobals) = postSolution
		SolutionGuid = {62E4F71E-52EF-41A0-8514-7A811E328EBE}
	EndGlobalSection
EndGlobal
